
Microsoft Visual Studio Solution File, Format Version 12.00
# Visual Studio for Mac
Project("{FAE04EC0-301F-11D3-BF4B-00C04F79EFBC}") = "Assembly-CSharp", "Assembly-CSharp.csproj", "{C26DC57E-1662-CAA3-C654-647354C3ED09}"
EndProject
Project("{FAE04EC0-301F-11D3-BF4B-00C04F79EFBC}") = "Assembly-CSharp-firstpass", "Assembly-CSharp-firstpass.csproj", "{2D5580D7-DE88-8276-46F6-6F432F56A4B3}"
EndProject
Project("{FAE04EC0-301F-11D3-BF4B-00C04F79EFBC}") = "Assembly-CSharp-Editor-firstpass", "Assembly-CSharp-Editor-firstpass.csproj", "{A3583516-E4A8-6962-D1E5-5A1528F894A9}"
EndProject
Project("{FAE04EC0-301F-11D3-BF4B-00C04F79EFBC}") = "Assembly-CSharp-Editor", "Assembly-CSharp-Editor.csproj", "{7558FCFF-4556-01B2-FAA4-3AD0683F6A04}"
EndProject
Global
	GlobalSection(SolutionConfigurationPlatforms) = preSolution
		Debug|Any CPU = Debug|Any CPU
		Release|Any CPU = Release|Any CPU
	EndGlobalSection
	GlobalSection(ProjectConfigurationPlatforms) = postSolution
		{C26DC57E-1662-CAA3-C654-647354C3ED09}.Debug|Any CPU.ActiveCfg = Debug|Any CPU
		{C26DC57E-1662-CAA3-C654-647354C3ED09}.Debug|Any CPU.Build.0 = Debug|Any CPU
		{C26DC57E-1662-CAA3-C654-647354C3ED09}.Release|Any CPU.ActiveCfg = Release|Any CPU
		{C26DC57E-1662-CAA3-C654-647354C3ED09}.Release|Any CPU.Build.0 = Release|Any CPU
		{2D5580D7-DE88-8276-46F6-6F432F56A4B3}.Debug|Any CPU.ActiveCfg = Debug|Any CPU
		{2D5580D7-DE88-8276-46F6-6F432F56A4B3}.Debug|Any CPU.Build.0 = Debug|Any CPU
		{2D5580D7-DE88-8276-46F6-6F432F56A4B3}.Release|Any CPU.ActiveCfg = Release|Any CPU
		{2D5580D7-DE88-8276-46F6-6F432F56A4B3}.Release|Any CPU.Build.0 = Release|Any CPU
		{A3583516-E4A8-6962-D1E5-5A1528F894A9}.Debug|Any CPU.ActiveCfg = Debug|Any CPU
		{A3583516-E4A8-6962-D1E5-5A1528F894A9}.Debug|Any CPU.Build.0 = Debug|Any CPU
		{A3583516-E4A8-6962-D1E5-5A1528F894A9}.Release|Any CPU.ActiveCfg = Release|Any CPU
		{A3583516-E4A8-6962-D1E5-5A1528F894A9}.Release|Any CPU.Build.0 = Release|Any CPU
		{7558FCFF-4556-01B2-FAA4-3AD0683F6A04}.Debug|Any CPU.ActiveCfg = Debug|Any CPU
		{7558FCFF-4556-01B2-FAA4-3AD0683F6A04}.Debug|Any CPU.Build.0 = Debug|Any CPU
		{7558FCFF-4556-01B2-FAA4-3AD0683F6A04}.Release|Any CPU.ActiveCfg = Release|Any CPU
		{7558FCFF-4556-01B2-FAA4-3AD0683F6A04}.Release|Any CPU.Build.0 = Release|Any CPU
	EndGlobalSection
	GlobalSection(SolutionProperties) = preSolution
		HideSolutionNode = FALSE
	EndGlobalSection
EndGlobal
